
Microsoft Visual Studio Solution File, Format Version 12.00
# Visual Studio Version 16
VisualStudioVersion = 16.0.32510.428
MinimumVisualStudioVersion = 10.0.40219.1
Project("{FAE04EC0-301F-11D3-BF4B-00C04F79EFBC}") = "TodoList.Android", "TodoList.Android\TodoList.Android.csproj", "{2EFBD8A4-6E60-4F13-809C-619F804CD307}"
EndProject
Project("{FAE04EC0-301F-11D3-BF4B-00C04F79EFBC}") = "TodoList.iOS", "TodoList.iOS\TodoList.iOS.csproj", "{1B09EA1E-B9AD-466F-8625-EBED7B3A65C6}"
EndProject
Project("{FAE04EC0-301F-11D3-BF4B-00C04F79EFBC}") = "TodoList", "TodoList\TodoList.csproj", "{2C50E5F8-6657-47D1-976B-D8A8EAAC2FB7}"
EndProject
Global
	GlobalSection(SolutionConfigurationPlatforms) = preSolution
		Debug|Any CPU = Debug|Any CPU
		Debug|iPhone = Debug|iPhone
		Debug|iPhoneSimulator = Debug|iPhoneSimulator
		Release|Any CPU = Release|Any CPU
		Release|iPhone = Release|iPhone
		Release|iPhoneSimulator = Release|iPhoneSimulator
	EndGlobalSection
	GlobalSection(ProjectConfigurationPlatforms) = postSolution
		{2EFBD8A4-6E60-4F13-809C-619F804CD307}.Debug|Any CPU.ActiveCfg = Debug|Any CPU
		{2EFBD8A4-6E60-4F13-809C-619F804CD307}.Debug|Any CPU.Build.0 = Debug|Any CPU
		{2EFBD8A4-6E60-4F13-809C-619F804CD307}.Debug|Any CPU.Deploy.0 = Debug|Any CPU
		{2EFBD8A4-6E60-4F13-809C-619F804CD307}.Debug|iPhone.ActiveCfg = Debug|Any CPU
		{2EFBD8A4-6E60-4F13-809C-619F804CD307}.Debug|iPhone.Build.0 = Debug|Any CPU
		{2EFBD8A4-6E60-4F13-809C-619F804CD307}.Debug|iPhone.Deploy.0 = Debug|Any CPU
		{2EFBD8A4-6E60-4F13-809C-619F804CD307}.Debug|iPhoneSimulator.ActiveCfg = Debug|Any CPU
		{2EFBD8A4-6E60-4F13-809C-619F804CD307}.Debug|iPhoneSimulator.Build.0 = Debug|Any CPU
		{2EFBD8A4-6E60-4F13-809C-619F804CD307}.Debug|iPhoneSimulator.Deploy.0 = Debug|Any CPU
		{2EFBD8A4-6E60-4F13-809C-619F804CD307}.Release|Any CPU.ActiveCfg = Release|Any CPU
		{2EFBD8A4-6E60-4F13-809C-619F804CD307}.Release|Any CPU.Build.0 = Release|Any CPU
		{2EFBD8A4-6E60-4F13-809C-619F804CD307}.Release|Any CPU.Deploy.0 = Release|Any CPU
		{2EFBD8A4-6E60-4F13-809C-619F804CD307}.Release|iPhone.ActiveCfg = Release|Any CPU
		{2EFBD8A4-6E60-4F13-809C-619F804CD307}.Release|iPhone.Build.0 = Release|Any CPU
		{2EFBD8A4-6E60-4F13-809C-619F804CD307}.Release|iPhone.Deploy.0 = Release|Any CPU
		{2EFBD8A4-6E60-4F13-809C-619F804CD307}.Release|iPhoneSimulator.ActiveCfg = Release|Any CPU
		{2EFBD8A4-6E60-4F13-809C-619F804CD307}.Release|iPhoneSimulator.Build.0 = Release|Any CPU
		{2EFBD8A4-6E60-4F13-809C-619F804CD307}.Release|iPhoneSimulator.Deploy.0 = Release|Any CPU
		{1B09EA1E-B9AD-466F-8625-EBED7B3A65C6}.Debug|Any CPU.ActiveCfg = Debug|iPhone
		{1B09EA1E-B9AD-466F-8625-EBED7B3A65C6}.Debug|Any CPU.Build.0 = Debug|iPhone
		{1B09EA1E-B9AD-466F-8625-EBED7B3A65C6}.Debug|Any CPU.Deploy.0 = Debug|iPhone
		{1B09EA1E-B9AD-466F-8625-EBED7B3A65C6}.Debug|iPhone.ActiveCfg = Debug|iPhone
		{1B09EA1E-B9AD-466F-8625-EBED7B3A65C6}.Debug|iPhone.Build.0 = Debug|iPhone
		{1B09EA1E-B9AD-466F-8625-EBED7B3A65C6}.Debug|iPhone.Deploy.0 = Debug|iPhone
		{1B09EA1E-B9AD-466F-8625-EBED7B3A65C6}.Debug|iPhoneSimulator.ActiveCfg = Debug|iPhoneSimulator
		{1B09EA1E-B9AD-466F-8625-EBED7B3A65C6}.Debug|iPhoneSimulator.Build.0 = Debug|iPhoneSimulator
		{1B09EA1E-B9AD-466F-8625-EBED7B3A65C6}.Debug|iPhoneSimulator.Deploy.0 = Debug|iPhoneSimulator
		{1B09EA1E-B9AD-466F-8625-EBED7B3A65C6}.Release|Any CPU.ActiveCfg = Release|iPhoneSimulator
		{1B09EA1E-B9AD-466F-8625-EBED7B3A65C6}.Release|Any CPU.Build.0 = Release|iPhoneSimulator
		{1B09EA1E-B9AD-466F-8625-EBED7B3A65C6}.Release|Any CPU.Deploy.0 = Release|iPhoneSimulator
		{1B09EA1E-B9AD-466F-8625-EBED7B3A65C6}.Release|iPhone.ActiveCfg = Release|iPhone
		{1B09EA1E-B9AD-466F-8625-EBED7B3A65C6}.Release|iPhone.Build.0 = Release|iPhone
		{1B09EA1E-B9AD-466F-8625-EBED7B3A65C6}.Release|iPhone.Deploy.0 = Release|iPhone
		{1B09EA1E-B9AD-466F-8625-EBED7B3A65C6}.Release|iPhoneSimulator.ActiveCfg = Release|iPhoneSimulator
		{1B09EA1E-B9AD-466F-8625-EBED7B3A65C6}.Release|iPhoneSimulator.Build.0 = Release|iPhoneSimulator
		{1B09EA1E-B9AD-466F-8625-EBED7B3A65C6}.Release|iPhoneSimulator.Deploy.0 = Release|iPhoneSimulator
		{2C50E5F8-6657-47D1-976B-D8A8EAAC2FB7}.Debug|Any CPU.ActiveCfg = Debug|Any CPU
		{2C50E5F8-6657-47D1-976B-D8A8EAAC2FB7}.Debug|Any CPU.Build.0 = Debug|Any CPU
		{2C50E5F8-6657-47D1-976B-D8A8EAAC2FB7}.Debug|Any CPU.Deploy.0 = Debug|Any CPU
		{2C50E5F8-6657-47D1-976B-D8A8EAAC2FB7}.Debug|iPhone.ActiveCfg = Debug|Any CPU
		{2C50E5F8-6657-47D1-976B-D8A8EAAC2FB7}.Debug|iPhone.Build.0 = Debug|Any CPU
		{2C50E5F8-6657-47D1-976B-D8A8EAAC2FB7}.Debug|iPhone.Deploy.0 = Debug|Any CPU
		{2C50E5F8-6657-47D1-976B-D8A8EAAC2FB7}.Debug|iPhoneSimulator.ActiveCfg = Debug|Any CPU
		{2C50E5F8-6657-47D1-976B-D8A8EAAC2FB7}.Debug|iPhoneSimulator.Build.0 = Debug|Any CPU
		{2C50E5F8-6657-47D1-976B-D8A8EAAC2FB7}.Debug|iPhoneSimulator.Deploy.0 = Debug|Any CPU
		{2C50E5F8-6657-47D1-976B-D8A8EAAC2FB7}.Release|Any CPU.ActiveCfg = Release|Any CPU
		{2C50E5F8-6657-47D1-976B-D8A8EAAC2FB7}.Release|Any CPU.Build.0 = Release|Any CPU
		{2C50E5F8-6657-47D1-976B-D8A8EAAC2FB7}.Release|Any CPU.Deploy.0 = Release|Any CPU
		{2C50E5F8-6657-47D1-976B-D8A8EAAC2FB7}.Release|iPhone.ActiveCfg = Release|Any CPU
		{2C50E5F8-6657-47D1-976B-D8A8EAAC2FB7}.Release|iPhone.Build.0 = Release|Any CPU
		{2C50E5F8-6657-47D1-976B-D8A8EAAC2FB7}.Release|iPhone.Deploy.0 = Release|Any CPU
		{2C50E5F8-6657-47D1-976B-D8A8EAAC2FB7}.Release|iPhoneSimulator.ActiveCfg = Release|Any CPU
		{2C50E5F8-6657-47D1-976B-D8A8EAAC2FB7}.Release|iPhoneSimulator.Build.0 = Release|Any CPU
		{2C50E5F8-6657-47D1-976B-D8A8EAAC2FB7}.Release|iPhoneSimulator.Deploy.0 = Release|Any CPU
	EndGlobalSection
	GlobalSection(SolutionProperties) = preSolution
		HideSolutionNode = FALSE
	EndGlobalSection
	GlobalSection(ExtensibilityGlobals) = postSolution
		SolutionGuid = {760B7D85-8C35-4C8E-8127-1B0A559560B7}
	EndGlobalSection
EndGlobal
